
Microsoft Visual Studio Solution File, Format Version 12.00
# Visual Studio Version 17
VisualStudioVersion = 17.9.34622.214
MinimumVisualStudioVersion = 10.0.40219.1
Project("{FAE04EC0-301F-11D3-BF4B-00C04F79EFBC}") = "DebbugingAndExceptionHandling", "DebbugingAndExceptionHandling\DebbugingAndExceptionHandling.csproj", "{953EA467-97AC-4A93-A36A-B53D7AFECEB3}"
EndProject
Global
	GlobalSection(SolutionConfigurationPlatforms) = preSolution
		Debug|Any CPU = Debug|Any CPU
		Release|Any CPU = Release|Any CPU
	EndGlobalSection
	GlobalSection(ProjectConfigurationPlatforms) = postSolution
		{953EA467-97AC-4A93-A36A-B53D7AFECEB3}.Debug|Any CPU.ActiveCfg = Debug|Any CPU
		{953EA467-97AC-4A93-A36A-B53D7AFECEB3}.Debug|Any CPU.Build.0 = Debug|Any CPU
		{953EA467-97AC-4A93-A36A-B53D7AFECEB3}.Release|Any CPU.ActiveCfg = Release|Any CPU
		{953EA467-97AC-4A93-A36A-B53D7AFECEB3}.Release|Any CPU.Build.0 = Release|Any CPU
	EndGlobalSection
	GlobalSection(SolutionProperties) = preSolution
		HideSolutionNode = FALSE
	EndGlobalSection
	GlobalSection(ExtensibilityGlobals) = postSolution
		SolutionGuid = {DD65AFD2-7A25-44C2-BAA4-5E7EDCAE7516}
	EndGlobalSection
EndGlobal
