
Microsoft Visual Studio Solution File, Format Version 12.00
# Visual Studio Version 17
VisualStudioVersion = 17.9.34622.214
MinimumVisualStudioVersion = 10.0.40219.1
Project("{FAE04EC0-301F-11D3-BF4B-00C04F79EFBC}") = "SOLIDPrinciples", "SOLIDPrinciples\SOLIDPrinciples.csproj", "{51AEAA76-2DD3-4FFD-A962-65146D7375D8}"
EndProject
Global
	GlobalSection(SolutionConfigurationPlatforms) = preSolution
		Debug|Any CPU = Debug|Any CPU
		Release|Any CPU = Release|Any CPU
	EndGlobalSection
	GlobalSection(ProjectConfigurationPlatforms) = postSolution
		{51AEAA76-2DD3-4FFD-A962-65146D7375D8}.Debug|Any CPU.ActiveCfg = Debug|Any CPU
		{51AEAA76-2DD3-4FFD-A962-65146D7375D8}.Debug|Any CPU.Build.0 = Debug|Any CPU
		{51AEAA76-2DD3-4FFD-A962-65146D7375D8}.Release|Any CPU.ActiveCfg = Release|Any CPU
		{51AEAA76-2DD3-4FFD-A962-65146D7375D8}.Release|Any CPU.Build.0 = Release|Any CPU
	EndGlobalSection
	GlobalSection(SolutionProperties) = preSolution
		HideSolutionNode = FALSE
	EndGlobalSection
	GlobalSection(ExtensibilityGlobals) = postSolution
		SolutionGuid = {7454438C-6348-46E6-BA54-F58D3850DF14}
	EndGlobalSection
EndGlobal
