
Microsoft Visual Studio Solution File, Format Version 12.00
# Visual Studio Version 17
VisualStudioVersion = 17.9.34622.214
MinimumVisualStudioVersion = 10.0.40219.1
Project("{FAE04EC0-301F-11D3-BF4B-00C04F79EFBC}") = "AdvancedLINQ", "AdvancedLINQ\AdvancedLINQ.csproj", "{D62B3772-4684-4A45-9D34-98385DC26866}"
EndProject
Global
	GlobalSection(SolutionConfigurationPlatforms) = preSolution
		Debug|Any CPU = Debug|Any CPU
		Release|Any CPU = Release|Any CPU
	EndGlobalSection
	GlobalSection(ProjectConfigurationPlatforms) = postSolution
		{D62B3772-4684-4A45-9D34-98385DC26866}.Debug|Any CPU.ActiveCfg = Debug|Any CPU
		{D62B3772-4684-4A45-9D34-98385DC26866}.Debug|Any CPU.Build.0 = Debug|Any CPU
		{D62B3772-4684-4A45-9D34-98385DC26866}.Release|Any CPU.ActiveCfg = Release|Any CPU
		{D62B3772-4684-4A45-9D34-98385DC26866}.Release|Any CPU.Build.0 = Release|Any CPU
	EndGlobalSection
	GlobalSection(SolutionProperties) = preSolution
		HideSolutionNode = FALSE
	EndGlobalSection
	GlobalSection(ExtensibilityGlobals) = postSolution
		SolutionGuid = {BE11DDA1-FB33-44E3-85F7-DF0933430DB5}
	EndGlobalSection
EndGlobal
